// !$*UTF8*$!
{
	archiveVersion = 1;
	classes = {
	};
	objectVersion = 56;
	objects = {

/* Begin PBXBuildFile section */
		C91BBE162BBD7D15003C6C3A /* MenuItem.swift in Sources */ = {isa = PBXBuildFile; fileRef = C91BBE152BBD7D15003C6C3A /* MenuItem.swift */; };
		C91E50E22BC04B2500A58561 /* NetworkService.swift in Sources */ = {isa = PBXBuildFile; fileRef = C91E50E12BC04B2500A58561 /* NetworkService.swift */; };
		C91E50E52BC04DE600A58561 /* MenuEntry.swift in Sources */ = {isa = PBXBuildFile; fileRef = C91E50E42BC04DE600A58561 /* MenuEntry.swift */; };
		C91E50E72BC0500600A58561 /* MenuUtils.swift in Sources */ = {isa = PBXBuildFile; fileRef = C91E50E62BC0500600A58561 /* MenuUtils.swift */; };
		C91E50E92BC0533A00A58561 /* MenuListView.swift in Sources */ = {isa = PBXBuildFile; fileRef = C91E50E82BC0533A00A58561 /* MenuListView.swift */; };
		C91E50EB2BC0534500A58561 /* MenuItemView.swift in Sources */ = {isa = PBXBuildFile; fileRef = C91E50EA2BC0534500A58561 /* MenuItemView.swift */; };
		C91E50EE2BC0600D00A58561 /* Filter.swift in Sources */ = {isa = PBXBuildFile; fileRef = C91E50ED2BC0600D00A58561 /* Filter.swift */; };
		C91E50F02BC0603500A58561 /* MenuCategory.swift in Sources */ = {isa = PBXBuildFile; fileRef = C91E50EF2BC0603500A58561 /* MenuCategory.swift */; };
		C91E50F22BC0618B00A58561 /* FilterableMenuView.swift in Sources */ = {isa = PBXBuildFile; fileRef = C91E50F12BC0618B00A58561 /* FilterableMenuView.swift */; };
		C91E50F42BC0784700A58561 /* FilterView.swift in Sources */ = {isa = PBXBuildFile; fileRef = C91E50F32BC0784700A58561 /* FilterView.swift */; };
		C96F21022BC177F400BE43D6 /* UserUtils.swift in Sources */ = {isa = PBXBuildFile; fileRef = C96F21012BC177F400BE43D6 /* UserUtils.swift */; };
		C96F21042BC1792B00BE43D6 /* String.swift in Sources */ = {isa = PBXBuildFile; fileRef = C96F21032BC1792B00BE43D6 /* String.swift */; };
		C96F21072BC1852000BE43D6 /* UserDefaultsSubject.swift in Sources */ = {isa = PBXBuildFile; fileRef = C96F21062BC1852000BE43D6 /* UserDefaultsSubject.swift */; };
		C9A216AD2BBD8A3D008F398A /* User.swift in Sources */ = {isa = PBXBuildFile; fileRef = C9A216AC2BBD8A3D008F398A /* User.swift */; };
		C9A216B02BBD9E39008F398A /* UserContext.swift in Sources */ = {isa = PBXBuildFile; fileRef = C9A216AF2BBD9E39008F398A /* UserContext.swift */; };
		C9A216B22BBDA9D5008F398A /* SplashView.swift in Sources */ = {isa = PBXBuildFile; fileRef = C9A216B12BBDA9D5008F398A /* SplashView.swift */; };
		C9CB94B82BBC999F007DB3D0 /* LittleLemonOnboardingApp.swift in Sources */ = {isa = PBXBuildFile; fileRef = C9CB94B72BBC999F007DB3D0 /* LittleLemonOnboardingApp.swift */; };
		C9CB94BA2BBC999F007DB3D0 /* ContentView.swift in Sources */ = {isa = PBXBuildFile; fileRef = C9CB94B92BBC999F007DB3D0 /* ContentView.swift */; };
		C9CB94BE2BBC99A2007DB3D0 /* Assets.xcassets in Resources */ = {isa = PBXBuildFile; fileRef = C9CB94BD2BBC99A2007DB3D0 /* Assets.xcassets */; };
		C9CB94C12BBC99A2007DB3D0 /* Preview Assets.xcassets in Resources */ = {isa = PBXBuildFile; fileRef = C9CB94C02BBC99A2007DB3D0 /* Preview Assets.xcassets */; };
		C9CB94C92BBC9E58007DB3D0 /* OnboardingView.swift in Sources */ = {isa = PBXBuildFile; fileRef = C9CB94C82BBC9E58007DB3D0 /* OnboardingView.swift */; };
		C9CB94CB2BBC9EAC007DB3D0 /* MenuView.swift in Sources */ = {isa = PBXBuildFile; fileRef = C9CB94CA2BBC9EAC007DB3D0 /* MenuView.swift */; };
		C9CB94CD2BBC9EB9007DB3D0 /* ProfileView.swift in Sources */ = {isa = PBXBuildFile; fileRef = C9CB94CC2BBC9EB9007DB3D0 /* ProfileView.swift */; };
/* End PBXBuildFile section */

/* Begin PBXFileReference section */
		C91BBE152BBD7D15003C6C3A /* MenuItem.swift */ = {isa = PBXFileReference; lastKnownFileType = sourcecode.swift; path = MenuItem.swift; sourceTree = "<group>"; };
		C91E50E12BC04B2500A58561 /* NetworkService.swift */ = {isa = PBXFileReference; lastKnownFileType = sourcecode.swift; path = NetworkService.swift; sourceTree = "<group>"; };
		C91E50E42BC04DE600A58561 /* MenuEntry.swift */ = {isa = PBXFileReference; lastKnownFileType = sourcecode.swift; path = MenuEntry.swift; sourceTree = "<group>"; };
		C91E50E62BC0500600A58561 /* MenuUtils.swift */ = {isa = PBXFileReference; lastKnownFileType = sourcecode.swift; path = MenuUtils.swift; sourceTree = "<group>"; };
		C91E50E82BC0533A00A58561 /* MenuListView.swift */ = {isa = PBXFileReference; lastKnownFileType = sourcecode.swift; path = MenuListView.swift; sourceTree = "<group>"; };
		C91E50EA2BC0534500A58561 /* MenuItemView.swift */ = {isa = PBXFileReference; lastKnownFileType = sourcecode.swift; path = MenuItemView.swift; sourceTree = "<group>"; };
		C91E50ED2BC0600D00A58561 /* Filter.swift */ = {isa = PBXFileReference; lastKnownFileType = sourcecode.swift; path = Filter.swift; sourceTree = "<group>"; };
		C91E50EF2BC0603500A58561 /* MenuCategory.swift */ = {isa = PBXFileReference; lastKnownFileType = sourcecode.swift; path = MenuCategory.swift; sourceTree = "<group>"; };
		C91E50F12BC0618B00A58561 /* FilterableMenuView.swift */ = {isa = PBXFileReference; lastKnownFileType = sourcecode.swift; path = FilterableMenuView.swift; sourceTree = "<group>"; };
		C91E50F32BC0784700A58561 /* FilterView.swift */ = {isa = PBXFileReference; lastKnownFileType = sourcecode.swift; path = FilterView.swift; sourceTree = "<group>"; };
		C96F21012BC177F400BE43D6 /* UserUtils.swift */ = {isa = PBXFileReference; lastKnownFileType = sourcecode.swift; path = UserUtils.swift; sourceTree = "<group>"; };
		C96F21032BC1792B00BE43D6 /* String.swift */ = {isa = PBXFileReference; lastKnownFileType = sourcecode.swift; path = String.swift; sourceTree = "<group>"; };
		C96F21062BC1852000BE43D6 /* UserDefaultsSubject.swift */ = {isa = PBXFileReference; lastKnownFileType = sourcecode.swift; path = UserDefaultsSubject.swift; sourceTree = "<group>"; };
		C9A216AC2BBD8A3D008F398A /* User.swift */ = {isa = PBXFileReference; lastKnownFileType = sourcecode.swift; path = User.swift; sourceTree = "<group>"; };
		C9A216AF2BBD9E39008F398A /* UserContext.swift */ = {isa = PBXFileReference; lastKnownFileType = sourcecode.swift; path = UserContext.swift; sourceTree = "<group>"; };
		C9A216B12BBDA9D5008F398A /* SplashView.swift */ = {isa = PBXFileReference; lastKnownFileType = sourcecode.swift; path = SplashView.swift; sourceTree = "<group>"; };
		C9CB94B42BBC999F007DB3D0 /* LittleLemonOnboarding.app */ = {isa = PBXFileReference; explicitFileType = wrapper.application; includeInIndex = 0; path = LittleLemonOnboarding.app; sourceTree = BUILT_PRODUCTS_DIR; };
		C9CB94B72BBC999F007DB3D0 /* LittleLemonOnboardingApp.swift */ = {isa = PBXFileReference; lastKnownFileType = sourcecode.swift; path = LittleLemonOnboardingApp.swift; sourceTree = "<group>"; };
		C9CB94B92BBC999F007DB3D0 /* ContentView.swift */ = {isa = PBXFileReference; lastKnownFileType = sourcecode.swift; path = ContentView.swift; sourceTree = "<group>"; };
		C9CB94BD2BBC99A2007DB3D0 /* Assets.xcassets */ = {isa = PBXFileReference; lastKnownFileType = folder.assetcatalog; path = Assets.xcassets; sourceTree = "<group>"; };
		C9CB94C02BBC99A2007DB3D0 /* Preview Assets.xcassets */ = {isa = PBXFileReference; lastKnownFileType = folder.assetcatalog; path = "Preview Assets.xcassets"; sourceTree = "<group>"; };
		C9CB94C82BBC9E58007DB3D0 /* OnboardingView.swift */ = {isa = PBXFileReference; lastKnownFileType = sourcecode.swift; path = OnboardingView.swift; sourceTree = "<group>"; };
		C9CB94CA2BBC9EAC007DB3D0 /* MenuView.swift */ = {isa = PBXFileReference; lastKnownFileType = sourcecode.swift; path = MenuView.swift; sourceTree = "<group>"; };
		C9CB94CC2BBC9EB9007DB3D0 /* ProfileView.swift */ = {isa = PBXFileReference; lastKnownFileType = sourcecode.swift; path = ProfileView.swift; sourceTree = "<group>"; };
/* End PBXFileReference section */

/* Begin PBXFrameworksBuildPhase section */
		C9CB94B12BBC999F007DB3D0 /* Frameworks */ = {
			isa = PBXFrameworksBuildPhase;
			buildActionMask = 2147483647;
			files = (
			);
			runOnlyForDeploymentPostprocessing = 0;
		};
/* End PBXFrameworksBuildPhase section */

/* Begin PBXGroup section */
		C91E50E02BC04AFF00A58561 /* Services */ = {
			isa = PBXGroup;
			children = (
				C91E50E12BC04B2500A58561 /* NetworkService.swift */,
			);
			path = Services;
			sourceTree = "<group>";
		};
		C91E50E32BC04DA900A58561 /* Network */ = {
			isa = PBXGroup;
			children = (
				C91E50E42BC04DE600A58561 /* MenuEntry.swift */,
			);
			path = Network;
			sourceTree = "<group>";
		};
		C91E50EC2BC05FF700A58561 /* Utils */ = {
			isa = PBXGroup;
			children = (
				C91E50E62BC0500600A58561 /* MenuUtils.swift */,
				C96F21012BC177F400BE43D6 /* UserUtils.swift */,
				C96F21032BC1792B00BE43D6 /* String.swift */,
			);
			path = Utils;
			sourceTree = "<group>";
		};
		C96F21052BC184F100BE43D6 /* Storage */ = {
			isa = PBXGroup;
			children = (
				C96F21062BC1852000BE43D6 /* UserDefaultsSubject.swift */,
			);
			path = Storage;
			sourceTree = "<group>";
		};
		C9A216AE2BBD9E22008F398A /* Contexts */ = {
			isa = PBXGroup;
			children = (
				C9A216AF2BBD9E39008F398A /* UserContext.swift */,
			);
			path = Contexts;
			sourceTree = "<group>";
		};
		C9CB94AB2BBC999F007DB3D0 = {
			isa = PBXGroup;
			children = (
				C9CB94B62BBC999F007DB3D0 /* LittleLemonOnboarding */,
				C9CB94B52BBC999F007DB3D0 /* Products */,
			);
			sourceTree = "<group>";
		};
		C9CB94B52BBC999F007DB3D0 /* Products */ = {
			isa = PBXGroup;
			children = (
				C9CB94B42BBC999F007DB3D0 /* LittleLemonOnboarding.app */,
			);
			name = Products;
			sourceTree = "<group>";
		};
		C9CB94B62BBC999F007DB3D0 /* LittleLemonOnboarding */ = {
			isa = PBXGroup;
			children = (
				C91E50EC2BC05FF700A58561 /* Utils */,
				C91E50E02BC04AFF00A58561 /* Services */,
				C9A216AE2BBD9E22008F398A /* Contexts */,
				C9CB94D02BBCA100007DB3D0 /* Models */,
				C9CB94C72BBC9E3F007DB3D0 /* Views */,
				C9CB94B72BBC999F007DB3D0 /* LittleLemonOnboardingApp.swift */,
				C9CB94BD2BBC99A2007DB3D0 /* Assets.xcassets */,
				C9CB94BF2BBC99A2007DB3D0 /* Preview Content */,
			);
			path = LittleLemonOnboarding;
			sourceTree = "<group>";
		};
		C9CB94BF2BBC99A2007DB3D0 /* Preview Content */ = {
			isa = PBXGroup;
			children = (
				C9CB94C02BBC99A2007DB3D0 /* Preview Assets.xcassets */,
			);
			path = "Preview Content";
			sourceTree = "<group>";
		};
		C9CB94C72BBC9E3F007DB3D0 /* Views */ = {
			isa = PBXGroup;
			children = (
				C9CB94B92BBC999F007DB3D0 /* ContentView.swift */,
				C9CB94C82BBC9E58007DB3D0 /* OnboardingView.swift */,
				C9CB94CA2BBC9EAC007DB3D0 /* MenuView.swift */,
				C9CB94CC2BBC9EB9007DB3D0 /* ProfileView.swift */,
				C9A216B12BBDA9D5008F398A /* SplashView.swift */,
				C91E50E82BC0533A00A58561 /* MenuListView.swift */,
				C91E50EA2BC0534500A58561 /* MenuItemView.swift */,
				C91E50F12BC0618B00A58561 /* FilterableMenuView.swift */,
				C91E50F32BC0784700A58561 /* FilterView.swift */,
			);
			path = Views;
			sourceTree = "<group>";
		};
		C9CB94D02BBCA100007DB3D0 /* Models */ = {
			isa = PBXGroup;
			children = (
				C96F21052BC184F100BE43D6 /* Storage */,
				C91E50E32BC04DA900A58561 /* Network */,
				C91BBE152BBD7D15003C6C3A /* MenuItem.swift */,
				C9A216AC2BBD8A3D008F398A /* User.swift */,
				C91E50ED2BC0600D00A58561 /* Filter.swift */,
				C91E50EF2BC0603500A58561 /* MenuCategory.swift */,
			);
			path = Models;
			sourceTree = "<group>";
		};
/* End PBXGroup section */

/* Begin PBXNativeTarget section */
		C9CB94B32BBC999F007DB3D0 /* LittleLemonOnboarding */ = {
			isa = PBXNativeTarget;
			buildConfigurationList = C9CB94C42BBC99A2007DB3D0 /* Build configuration list for PBXNativeTarget "LittleLemonOnboarding" */;
			buildPhases = (
				C9CB94B02BBC999F007DB3D0 /* Sources */,
				C9CB94B12BBC999F007DB3D0 /* Frameworks */,
				C9CB94B22BBC999F007DB3D0 /* Resources */,
			);
			buildRules = (
			);
			dependencies = (
			);
			name = LittleLemonOnboarding;
			productName = LittleLemonOnboarding;
			productReference = C9CB94B42BBC999F007DB3D0 /* LittleLemonOnboarding.app */;
			productType = "com.apple.product-type.application";
		};
/* End PBXNativeTarget section */

/* Begin PBXProject section */
		C9CB94AC2BBC999F007DB3D0 /* Project object */ = {
			isa = PBXProject;
			attributes = {
				BuildIndependentTargetsInParallel = 1;
				LastSwiftUpdateCheck = 1530;
				LastUpgradeCheck = 1530;
				TargetAttributes = {
					C9CB94B32BBC999F007DB3D0 = {
						CreatedOnToolsVersion = 15.3;
					};
				};
			};
			buildConfigurationList = C9CB94AF2BBC999F007DB3D0 /* Build configuration list for PBXProject "LittleLemonOnboarding" */;
			compatibilityVersion = "Xcode 14.0";
			developmentRegion = en;
			hasScannedForEncodings = 0;
			knownRegions = (
				en,
				Base,
			);
			mainGroup = C9CB94AB2BBC999F007DB3D0;
			productRefGroup = C9CB94B52BBC999F007DB3D0 /* Products */;
			projectDirPath = "";
			projectRoot = "";
			targets = (
				C9CB94B32BBC999F007DB3D0 /* LittleLemonOnboarding */,
			);
		};
/* End PBXProject section */

/* Begin PBXResourcesBuildPhase section */
		C9CB94B22BBC999F007DB3D0 /* Resources */ = {
			isa = PBXResourcesBuildPhase;
			buildActionMask = 2147483647;
			files = (
				C9CB94C12BBC99A2007DB3D0 /* Preview Assets.xcassets in Resources */,
				C9CB94BE2BBC99A2007DB3D0 /* Assets.xcassets in Resources */,
			);
			runOnlyForDeploymentPostprocessing = 0;
		};
/* End PBXResourcesBuildPhase section */

/* Begin PBXSourcesBuildPhase section */
		C9CB94B02BBC999F007DB3D0 /* Sources */ = {
			isa = PBXSourcesBuildPhase;
			buildActionMask = 2147483647;
			files = (
				C96F21072BC1852000BE43D6 /* UserDefaultsSubject.swift in Sources */,
				C91E50F02BC0603500A58561 /* MenuCategory.swift in Sources */,
				C91E50E22BC04B2500A58561 /* NetworkService.swift in Sources */,
				C96F21042BC1792B00BE43D6 /* String.swift in Sources */,
				C91E50EE2BC0600D00A58561 /* Filter.swift in Sources */,
				C9A216B02BBD9E39008F398A /* UserContext.swift in Sources */,
				C91E50F42BC0784700A58561 /* FilterView.swift in Sources */,
				C91BBE162BBD7D15003C6C3A /* MenuItem.swift in Sources */,
				C9CB94BA2BBC999F007DB3D0 /* ContentView.swift in Sources */,
				C91E50E72BC0500600A58561 /* MenuUtils.swift in Sources */,
				C9A216AD2BBD8A3D008F398A /* User.swift in Sources */,
				C9CB94C92BBC9E58007DB3D0 /* OnboardingView.swift in Sources */,
				C91E50F22BC0618B00A58561 /* FilterableMenuView.swift in Sources */,
				C96F21022BC177F400BE43D6 /* UserUtils.swift in Sources */,
				C91E50EB2BC0534500A58561 /* MenuItemView.swift in Sources */,
				C91E50E92BC0533A00A58561 /* MenuListView.swift in Sources */,
				C9CB94CB2BBC9EAC007DB3D0 /* MenuView.swift in Sources */,
				C9CB94CD2BBC9EB9007DB3D0 /* ProfileView.swift in Sources */,
				C9CB94B82BBC999F007DB3D0 /* LittleLemonOnboardingApp.swift in Sources */,
				C91E50E52BC04DE600A58561 /* MenuEntry.swift in Sources */,
				C9A216B22BBDA9D5008F398A /* SplashView.swift in Sources */,
			);
			runOnlyForDeploymentPostprocessing = 0;
		};
/* End PBXSourcesBuildPhase section */

/* Begin XCBuildConfiguration section */
		C9CB94C22BBC99A2007DB3D0 /* Debug */ = {
			isa = XCBuildConfiguration;
			buildSettings = {
				ALWAYS_SEARCH_USER_PATHS = NO;
				ASSETCATALOG_COMPILER_GENERATE_SWIFT_ASSET_SYMBOL_EXTENSIONS = YES;
				CLANG_ANALYZER_NONNULL = YES;
				CLANG_ANALYZER_NUMBER_OBJECT_CONVERSION = YES_AGGRESSIVE;
				CLANG_CXX_LANGUAGE_STANDARD = "gnu++20";
				CLANG_ENABLE_MODULES = YES;
				CLANG_ENABLE_OBJC_ARC = YES;
				CLANG_ENABLE_OBJC_WEAK = YES;
				CLANG_WARN_BLOCK_CAPTURE_AUTORELEASING = YES;
				CLANG_WARN_BOOL_CONVERSION = YES;
				CLANG_WARN_COMMA = YES;
				CLANG_WARN_CONSTANT_CONVERSION = YES;
				CLANG_WARN_DEPRECATED_OBJC_IMPLEMENTATIONS = YES;
				CLANG_WARN_DIRECT_OBJC_ISA_USAGE = YES_ERROR;
				CLANG_WARN_DOCUMENTATION_COMMENTS = YES;
				CLANG_WARN_EMPTY_BODY = YES;
				CLANG_WARN_ENUM_CONVERSION = YES;
				CLANG_WARN_INFINITE_RECURSION = YES;
				CLANG_WARN_INT_CONVERSION = YES;
				CLANG_WARN_NON_LITERAL_NULL_CONVERSION = YES;
				CLANG_WARN_OBJC_IMPLICIT_RETAIN_SELF = YES;
				CLANG_WARN_OBJC_LITERAL_CONVERSION = YES;
				CLANG_WARN_OBJC_ROOT_CLASS = YES_ERROR;
				CLANG_WARN_QUOTED_INCLUDE_IN_FRAMEWORK_HEADER = YES;
				CLANG_WARN_RANGE_LOOP_ANALYSIS = YES;
				CLANG_WARN_STRICT_PROTOTYPES = YES;
				CLANG_WARN_SUSPICIOUS_MOVE = YES;
				CLANG_WARN_UNGUARDED_AVAILABILITY = YES_AGGRESSIVE;
				CLANG_WARN_UNREACHABLE_CODE = YES;
				CLANG_WARN__DUPLICATE_METHOD_MATCH = YES;
				COPY_PHASE_STRIP = NO;
				DEBUG_INFORMATION_FORMAT = dwarf;
				ENABLE_STRICT_OBJC_MSGSEND = YES;
				ENABLE_TESTABILITY = YES;
				ENABLE_USER_SCRIPT_SANDBOXING = YES;
				GCC_C_LANGUAGE_STANDARD = gnu17;
				GCC_DYNAMIC_NO_PIC = NO;
				GCC_NO_COMMON_BLOCKS = YES;
				GCC_OPTIMIZATION_LEVEL = 0;
				GCC_PREPROCESSOR_DEFINITIONS = (
					"DEBUG=1",
					"$(inherited)",
				);
				GCC_WARN_64_TO_32_BIT_CONVERSION = YES;
				GCC_WARN_ABOUT_RETURN_TYPE = YES_ERROR;
				GCC_WARN_UNDECLARED_SELECTOR = YES;
				GCC_WARN_UNINITIALIZED_AUTOS = YES_AGGRESSIVE;
				GCC_WARN_UNUSED_FUNCTION = YES;
				GCC_WARN_UNUSED_VARIABLE = YES;
				IPHONEOS_DEPLOYMENT_TARGET = 17.4;
				LOCALIZATION_PREFERS_STRING_CATALOGS = YES;
				MTL_ENABLE_DEBUG_INFO = INCLUDE_SOURCE;
				MTL_FAST_MATH = YES;
				ONLY_ACTIVE_ARCH = YES;
				SDKROOT = iphoneos;
				SWIFT_ACTIVE_COMPILATION_CONDITIONS = "DEBUG $(inherited)";
				SWIFT_OPTIMIZATION_LEVEL = "-Onone";
			};
			name = Debug;
		};
		C9CB94C32BBC99A2007DB3D0 /* Release */ = {
			isa = XCBuildConfiguration;
			buildSettings = {
				ALWAYS_SEARCH_USER_PATHS = NO;
				ASSETCATALOG_COMPILER_GENERATE_SWIFT_ASSET_SYMBOL_EXTENSIONS = YES;
				CLANG_ANALYZER_NONNULL = YES;
				CLANG_ANALYZER_NUMBER_OBJECT_CONVERSION = YES_AGGRESSIVE;
				CLANG_CXX_LANGUAGE_STANDARD = "gnu++20";
				CLANG_ENABLE_MODULES = YES;
				CLANG_ENABLE_OBJC_ARC = YES;
				CLANG_ENABLE_OBJC_WEAK = YES;
				CLANG_WARN_BLOCK_CAPTURE_AUTORELEASING = YES;
				CLANG_WARN_BOOL_CONVERSION = YES;
				CLANG_WARN_COMMA = YES;
				CLANG_WARN_CONSTANT_CONVERSION = YES;
				CLANG_WARN_DEPRECATED_OBJC_IMPLEMENTATIONS = YES;
				CLANG_WARN_DIRECT_OBJC_ISA_USAGE = YES_ERROR;
				CLANG_WARN_DOCUMENTATION_COMMENTS = YES;
				CLANG_WARN_EMPTY_BODY = YES;
				CLANG_WARN_ENUM_CONVERSION = YES;
				CLANG_WARN_INFINITE_RECURSION = YES;
				CLANG_WARN_INT_CONVERSION = YES;
				CLANG_WARN_NON_LITERAL_NULL_CONVERSION = YES;
				CLANG_WARN_OBJC_IMPLICIT_RETAIN_SELF = YES;
				CLANG_WARN_OBJC_LITERAL_CONVERSION = YES;
				CLANG_WARN_OBJC_ROOT_CLASS = YES_ERROR;
				CLANG_WARN_QUOTED_INCLUDE_IN_FRAMEWORK_HEADER = YES;
				CLANG_WARN_RANGE_LOOP_ANALYSIS = YES;
				CLANG_WARN_STRICT_PROTOTYPES = YES;
				CLANG_WARN_SUSPICIOUS_MOVE = YES;
				CLANG_WARN_UNGUARDED_AVAILABILITY = YES_AGGRESSIVE;
				CLANG_WARN_UNREACHABLE_CODE = YES;
				CLANG_WARN__DUPLICATE_METHOD_MATCH = YES;
				COPY_PHASE_STRIP = NO;
				DEBUG_INFORMATION_FORMAT = "dwarf-with-dsym";
				ENABLE_NS_ASSERTIONS = NO;
				ENABLE_STRICT_OBJC_MSGSEND = YES;
				ENABLE_USER_SCRIPT_SANDBOXING = YES;
				GCC_C_LANGUAGE_STANDARD = gnu17;
				GCC_NO_COMMON_BLOCKS = YES;
				GCC_WARN_64_TO_32_BIT_CONVERSION = YES;
				GCC_WARN_ABOUT_RETURN_TYPE = YES_ERROR;
				GCC_WARN_UNDECLARED_SELECTOR = YES;
				GCC_WARN_UNINITIALIZED_AUTOS = YES_AGGRESSIVE;
				GCC_WARN_UNUSED_FUNCTION = YES;
				GCC_WARN_UNUSED_VARIABLE = YES;
				IPHONEOS_DEPLOYMENT_TARGET = 17.4;
				LOCALIZATION_PREFERS_STRING_CATALOGS = YES;
				MTL_ENABLE_DEBUG_INFO = NO;
				MTL_FAST_MATH = YES;
				SDKROOT = iphoneos;
				SWIFT_COMPILATION_MODE = wholemodule;
				VALIDATE_PRODUCT = YES;
			};
			name = Release;
		};
		C9CB94C52BBC99A2007DB3D0 /* Debug */ = {
			isa = XCBuildConfiguration;
			buildSettings = {
				ASSETCATALOG_COMPILER_APPICON_NAME = AppIcon;
				ASSETCATALOG_COMPILER_GLOBAL_ACCENT_COLOR_NAME = AccentColor;
				CODE_SIGN_STYLE = Automatic;
				CURRENT_PROJECT_VERSION = 1;
				DEVELOPMENT_ASSET_PATHS = "\"LittleLemonOnboarding/Preview Content\"";
				DEVELOPMENT_TEAM = 755WLDCD84;
				ENABLE_PREVIEWS = YES;
				GENERATE_INFOPLIST_FILE = YES;
				INFOPLIST_KEY_UIApplicationSceneManifest_Generation = YES;
				INFOPLIST_KEY_UIApplicationSupportsIndirectInputEvents = YES;
				INFOPLIST_KEY_UILaunchScreen_Generation = YES;
				INFOPLIST_KEY_UISupportedInterfaceOrientations_iPad = "UIInterfaceOrientationPortrait UIInterfaceOrientationPortraitUpsideDown UIInterfaceOrientationLandscapeLeft UIInterfaceOrientationLandscapeRight";
				INFOPLIST_KEY_UISupportedInterfaceOrientations_iPhone = "UIInterfaceOrientationPortrait UIInterfaceOrientationLandscapeLeft UIInterfaceOrientationLandscapeRight";
				LD_RUNPATH_SEARCH_PATHS = (
					"$(inherited)",
					"@executable_path/Frameworks",
				);
				MARKETING_VERSION = 1.0;
				PRODUCT_BUNDLE_IDENTIFIER = com.flngsquirrl.LittleLemonOnboarding;
				PRODUCT_NAME = "$(TARGET_NAME)";
				SWIFT_EMIT_LOC_STRINGS = YES;
				SWIFT_VERSION = 5.0;
				TARGETED_DEVICE_FAMILY = "1,2";
			};
			name = Debug;
		};
		C9CB94C62BBC99A2007DB3D0 /* Release */ = {
			isa = XCBuildConfiguration;
			buildSettings = {
				ASSETCATALOG_COMPILER_APPICON_NAME = AppIcon;
				ASSETCATALOG_COMPILER_GLOBAL_ACCENT_COLOR_NAME = AccentColor;
				CODE_SIGN_STYLE = Automatic;
				CURRENT_PROJECT_VERSION = 1;
				DEVELOPMENT_ASSET_PATHS = "\"LittleLemonOnboarding/Preview Content\"";
				DEVELOPMENT_TEAM = 755WLDCD84;
				ENABLE_PREVIEWS = YES;
				GENERATE_INFOPLIST_FILE = YES;
				INFOPLIST_KEY_UIApplicationSceneManifest_Generation = YES;
				INFOPLIST_KEY_UIApplicationSupportsIndirectInputEvents = YES;
				INFOPLIST_KEY_UILaunchScreen_Generation = YES;
				INFOPLIST_KEY_UISupportedInterfaceOrientations_iPad = "UIInterfaceOrientationPortrait UIInterfaceOrientationPortraitUpsideDown UIInterfaceOrientationLandscapeLeft UIInterfaceOrientationLandscapeRight";
				INFOPLIST_KEY_UISupportedInterfaceOrientations_iPhone = "UIInterfaceOrientationPortrait UIInterfaceOrientationLandscapeLeft UIInterfaceOrientationLandscapeRight";
				LD_RUNPATH_SEARCH_PATHS = (
					"$(inherited)",
					"@executable_path/Frameworks",
				);
				MARKETING_VERSION = 1.0;
				PRODUCT_BUNDLE_IDENTIFIER = com.flngsquirrl.LittleLemonOnboarding;
				PRODUCT_NAME = "$(TARGET_NAME)";
				SWIFT_EMIT_LOC_STRINGS = YES;
				SWIFT_VERSION = 5.0;
				TARGETED_DEVICE_FAMILY = "1,2";
			};
			name = Release;
		};
/* End XCBuildConfiguration section */

/* Begin XCConfigurationList section */
		C9CB94AF2BBC999F007DB3D0 /* Build configuration list for PBXProject "LittleLemonOnboarding" */ = {
			isa = XCConfigurationList;
			buildConfigurations = (
				C9CB94C22BBC99A2007DB3D0 /* Debug */,
				C9CB94C32BBC99A2007DB3D0 /* Release */,
			);
			defaultConfigurationIsVisible = 0;
			defaultConfigurationName = Release;
		};
		C9CB94C42BBC99A2007DB3D0 /* Build configuration list for PBXNativeTarget "LittleLemonOnboarding" */ = {
			isa = XCConfigurationList;
			buildConfigurations = (
				C9CB94C52BBC99A2007DB3D0 /* Debug */,
				C9CB94C62BBC99A2007DB3D0 /* Release */,
			);
			defaultConfigurationIsVisible = 0;
			defaultConfigurationName = Release;
		};
/* End XCConfigurationList section */
	};
	rootObject = C9CB94AC2BBC999F007DB3D0 /* Project object */;
}
